
Microsoft Visual Studio Solution File, Format Version 12.00
Project("{FAE04EC0-301F-11D3-BF4B-00C04F79EFBC}") = "ConsoleApp1", "ConsoleApp1\ConsoleApp1.csproj", "{81AD2EB0-73AD-4FEB-B46B-BA4D13CF7F2A}"
EndProject
Global
	GlobalSection(SolutionConfigurationPlatforms) = preSolution
		Debug|Any CPU = Debug|Any CPU
		Release|Any CPU = Release|Any CPU
	EndGlobalSection
	GlobalSection(ProjectConfigurationPlatforms) = postSolution
		{81AD2EB0-73AD-4FEB-B46B-BA4D13CF7F2A}.Debug|Any CPU.ActiveCfg = Debug|Any CPU
		{81AD2EB0-73AD-4FEB-B46B-BA4D13CF7F2A}.Debug|Any CPU.Build.0 = Debug|Any CPU
		{81AD2EB0-73AD-4FEB-B46B-BA4D13CF7F2A}.Release|Any CPU.ActiveCfg = Release|Any CPU
		{81AD2EB0-73AD-4FEB-B46B-BA4D13CF7F2A}.Release|Any CPU.Build.0 = Release|Any CPU
	EndGlobalSection
EndGlobal
